// !$*UTF8*$!
{
	archiveVersion = 1;
	classes = {
	};
	objectVersion = 46;
	objects = {

/* Begin PBXBuildFile section */
		2C5E7D681A67055F0009AB29 /* main.m in Sources */ = {isa = PBXBuildFile; fileRef = 2C5E7D671A67055F0009AB29 /* main.m */; };
		2C5E7D6B1A67055F0009AB29 /* AppDelegate.m in Sources */ = {isa = PBXBuildFile; fileRef = 2C5E7D6A1A67055F0009AB29 /* AppDelegate.m */; };
		2C5E7D6E1A67055F0009AB29 /* ViewController.m in Sources */ = {isa = PBXBuildFile; fileRef = 2C5E7D6D1A67055F0009AB29 /* ViewController.m */; };
		2C5E7D711A67055F0009AB29 /* Main.storyboard in Resources */ = {isa = PBXBuildFile; fileRef = 2C5E7D6F1A67055F0009AB29 /* Main.storyboard */; };
		2C5E7D731A67055F0009AB29 /* Images.xcassets in Resources */ = {isa = PBXBuildFile; fileRef = 2C5E7D721A67055F0009AB29 /* Images.xcassets */; };
		2C5E7D761A67055F0009AB29 /* LaunchScreen.xib in Resources */ = {isa = PBXBuildFile; fileRef = 2C5E7D741A67055F0009AB29 /* LaunchScreen.xib */; };
		2C5E7D821A67055F0009AB29 /* HeadspaceDotTests.m in Sources */ = {isa = PBXBuildFile; fileRef = 2C5E7D811A67055F0009AB29 /* HeadspaceDotTests.m */; };
		2C5E7D8D1A6705890009AB29 /* MFIHeadspaceBlobView.m in Sources */ = {isa = PBXBuildFile; fileRef = 2C5E7D8C1A6705890009AB29 /* MFIHeadspaceBlobView.m */; };
/* End PBXBuildFile section */

/* Begin PBXContainerItemProxy section */
		2C5E7D7C1A67055F0009AB29 /* PBXContainerItemProxy */ = {
			isa = PBXContainerItemProxy;
			containerPortal = 2C5E7D5A1A67055F0009AB29 /* Project object */;
			proxyType = 1;
			remoteGlobalIDString = 2C5E7D611A67055F0009AB29;
			remoteInfo = HeadspaceDot;
		};
/* End PBXContainerItemProxy section */

/* Begin PBXFileReference section */
		2C5E7D621A67055F0009AB29 /* HeadspaceDot.app */ = {isa = PBXFileReference; explicitFileType = wrapper.application; includeInIndex = 0; path = HeadspaceDot.app; sourceTree = BUILT_PRODUCTS_DIR; };
		2C5E7D661A67055F0009AB29 /* Info.plist */ = {isa = PBXFileReference; lastKnownFileType = text.plist.xml; path = Info.plist; sourceTree = "<group>"; };
		2C5E7D671A67055F0009AB29 /* main.m */ = {isa = PBXFileReference; lastKnownFileType = sourcecode.c.objc; path = main.m; sourceTree = "<group>"; };
		2C5E7D691A67055F0009AB29 /* AppDelegate.h */ = {isa = PBXFileReference; lastKnownFileType = sourcecode.c.h; path = AppDelegate.h; sourceTree = "<group>"; };
		2C5E7D6A1A67055F0009AB29 /* AppDelegate.m */ = {isa = PBXFileReference; lastKnownFileType = sourcecode.c.objc; path = AppDelegate.m; sourceTree = "<group>"; };
		2C5E7D6C1A67055F0009AB29 /* ViewController.h */ = {isa = PBXFileReference; lastKnownFileType = sourcecode.c.h; path = ViewController.h; sourceTree = "<group>"; };
		2C5E7D6D1A67055F0009AB29 /* ViewController.m */ = {isa = PBXFileReference; lastKnownFileType = sourcecode.c.objc; path = ViewController.m; sourceTree = "<group>"; };
		2C5E7D701A67055F0009AB29 /* Base */ = {isa = PBXFileReference; lastKnownFileType = file.storyboard; name = Base; path = Base.lproj/Main.storyboard; sourceTree = "<group>"; };
		2C5E7D721A67055F0009AB29 /* Images.xcassets */ = {isa = PBXFileReference; lastKnownFileType = folder.assetcatalog; path = Images.xcassets; sourceTree = "<group>"; };
		2C5E7D751A67055F0009AB29 /* Base */ = {isa = PBXFileReference; lastKnownFileType = file.xib; name = Base; path = Base.lproj/LaunchScreen.xib; sourceTree = "<group>"; };
		2C5E7D7B1A67055F0009AB29 /* HeadspaceDotTests.xctest */ = {isa = PBXFileReference; explicitFileType = wrapper.cfbundle; includeInIndex = 0; path = HeadspaceDotTests.xctest; sourceTree = BUILT_PRODUCTS_DIR; };
		2C5E7D801A67055F0009AB29 /* Info.plist */ = {isa = PBXFileReference; lastKnownFileType = text.plist.xml; path = Info.plist; sourceTree = "<group>"; };
		2C5E7D811A67055F0009AB29 /* HeadspaceDotTests.m */ = {isa = PBXFileReference; lastKnownFileType = sourcecode.c.objc; path = HeadspaceDotTests.m; sourceTree = "<group>"; };
		2C5E7D8B1A6705890009AB29 /* MFIHeadspaceBlobView.h */ = {isa = PBXFileReference; fileEncoding = 4; lastKnownFileType = sourcecode.c.h; path = MFIHeadspaceBlobView.h; sourceTree = "<group>"; };
		2C5E7D8C1A6705890009AB29 /* MFIHeadspaceBlobView.m */ = {isa = PBXFileReference; fileEncoding = 4; lastKnownFileType = sourcecode.c.objc; path = MFIHeadspaceBlobView.m; sourceTree = "<group>"; };
/* End PBXFileReference section */

/* Begin PBXFrameworksBuildPhase section */
		2C5E7D5F1A67055F0009AB29 /* Frameworks */ = {
			isa = PBXFrameworksBuildPhase;
			buildActionMask = 2147483647;
			files = (
			);
			runOnlyForDeploymentPostprocessing = 0;
		};
		2C5E7D781A67055F0009AB29 /* Frameworks */ = {
			isa = PBXFrameworksBuildPhase;
			buildActionMask = 2147483647;
			files = (
			);
			runOnlyForDeploymentPostprocessing = 0;
		};
/* End PBXFrameworksBuildPhase section */

/* Begin PBXGroup section */
		2C5E7D591A67055F0009AB29 = {
			isa = PBXGroup;
			children = (
				2C5E7D641A67055F0009AB29 /* HeadspaceDot */,
				2C5E7D7E1A67055F0009AB29 /* HeadspaceDotTests */,
				2C5E7D631A67055F0009AB29 /* Products */,
			);
			sourceTree = "<group>";
		};
		2C5E7D631A67055F0009AB29 /* Products */ = {
			isa = PBXGroup;
			children = (
				2C5E7D621A67055F0009AB29 /* HeadspaceDot.app */,
				2C5E7D7B1A67055F0009AB29 /* HeadspaceDotTests.xctest */,
			);
			name = Products;
			sourceTree = "<group>";
		};
		2C5E7D641A67055F0009AB29 /* HeadspaceDot */ = {
			isa = PBXGroup;
			children = (
				2C5E7D691A67055F0009AB29 /* AppDelegate.h */,
				2C5E7D6A1A67055F0009AB29 /* AppDelegate.m */,
				2C5E7D6C1A67055F0009AB29 /* ViewController.h */,
				2C5E7D6D1A67055F0009AB29 /* ViewController.m */,
				2C5E7D6F1A67055F0009AB29 /* Main.storyboard */,
				2C5E7D721A67055F0009AB29 /* Images.xcassets */,
				2C5E7D741A67055F0009AB29 /* LaunchScreen.xib */,
				2C5E7D651A67055F0009AB29 /* Supporting Files */,
				2C5E7D8B1A6705890009AB29 /* MFIHeadspaceBlobView.h */,
				2C5E7D8C1A6705890009AB29 /* MFIHeadspaceBlobView.m */,
			);
			path = HeadspaceDot;
			sourceTree = "<group>";
		};
		2C5E7D651A67055F0009AB29 /* Supporting Files */ = {
			isa = PBXGroup;
			children = (
				2C5E7D661A67055F0009AB29 /* Info.plist */,
				2C5E7D671A67055F0009AB29 /* main.m */,
			);
			name = "Supporting Files";
			sourceTree = "<group>";
		};
		2C5E7D7E1A67055F0009AB29 /* HeadspaceDotTests */ = {
			isa = PBXGroup;
			children = (
				2C5E7D811A67055F0009AB29 /* HeadspaceDotTests.m */,
				2C5E7D7F1A67055F0009AB29 /* Supporting Files */,
			);
			path = HeadspaceDotTests;
			sourceTree = "<group>";
		};
		2C5E7D7F1A67055F0009AB29 /* Supporting Files */ = {
			isa = PBXGroup;
			children = (
				2C5E7D801A67055F0009AB29 /* Info.plist */,
			);
			name = "Supporting Files";
			sourceTree = "<group>";
		};
/* End PBXGroup section */

/* Begin PBXNativeTarget section */
		2C5E7D611A67055F0009AB29 /* HeadspaceDot */ = {
			isa = PBXNativeTarget;
			buildConfigurationList = 2C5E7D851A67055F0009AB29 /* Build configuration list for PBXNativeTarget "HeadspaceDot" */;
			buildPhases = (
				2C5E7D5E1A67055F0009AB29 /* Sources */,
				2C5E7D5F1A67055F0009AB29 /* Frameworks */,
				2C5E7D601A67055F0009AB29 /* Resources */,
			);
			buildRules = (
			);
			dependencies = (
			);
			name = HeadspaceDot;
			productName = HeadspaceDot;
			productReference = 2C5E7D621A67055F0009AB29 /* HeadspaceDot.app */;
			productType = "com.apple.product-type.application";
		};
		2C5E7D7A1A67055F0009AB29 /* HeadspaceDotTests */ = {
			isa = PBXNativeTarget;
			buildConfigurationList = 2C5E7D881A67055F0009AB29 /* Build configuration list for PBXNativeTarget "HeadspaceDotTests" */;
			buildPhases = (
				2C5E7D771A67055F0009AB29 /* Sources */,
				2C5E7D781A67055F0009AB29 /* Frameworks */,
				2C5E7D791A67055F0009AB29 /* Resources */,
			);
			buildRules = (
			);
			dependencies = (
				2C5E7D7D1A67055F0009AB29 /* PBXTargetDependency */,
			);
			name = HeadspaceDotTests;
			productName = HeadspaceDotTests;
			productReference = 2C5E7D7B1A67055F0009AB29 /* HeadspaceDotTests.xctest */;
			productType = "com.apple.product-type.bundle.unit-test";
		};
/* End PBXNativeTarget section */

/* Begin PBXProject section */
		2C5E7D5A1A67055F0009AB29 /* Project object */ = {
			isa = PBXProject;
			attributes = {
				LastUpgradeCheck = 0610;
				ORGANIZATIONNAME = "Marcus Ficner";
				TargetAttributes = {
					2C5E7D611A67055F0009AB29 = {
						CreatedOnToolsVersion = 6.1.1;
					};
					2C5E7D7A1A67055F0009AB29 = {
						CreatedOnToolsVersion = 6.1.1;
						TestTargetID = 2C5E7D611A67055F0009AB29;
					};
				};
			};
			buildConfigurationList = 2C5E7D5D1A67055F0009AB29 /* Build configuration list for PBXProject "HeadspaceDot" */;
			compatibilityVersion = "Xcode 3.2";
			developmentRegion = English;
			hasScannedForEncodings = 0;
			knownRegions = (
				en,
				Base,
			);
			mainGroup = 2C5E7D591A67055F0009AB29;
			productRefGroup = 2C5E7D631A67055F0009AB29 /* Products */;
			projectDirPath = "";
			projectRoot = "";
			targets = (
				2C5E7D611A67055F0009AB29 /* HeadspaceDot */,
				2C5E7D7A1A67055F0009AB29 /* HeadspaceDotTests */,
			);
		};
/* End PBXProject section */

/* Begin PBXResourcesBuildPhase section */
		2C5E7D601A67055F0009AB29 /* Resources */ = {
			isa = PBXResourcesBuildPhase;
			buildActionMask = 2147483647;
			files = (
				2C5E7D711A67055F0009AB29 /* Main.storyboard in Resources */,
				2C5E7D761A67055F0009AB29 /* LaunchScreen.xib in Resources */,
				2C5E7D731A67055F0009AB29 /* Images.xcassets in Resources */,
			);
			runOnlyForDeploymentPostprocessing = 0;
		};
		2C5E7D791A67055F0009AB29 /* Resources */ = {
			isa = PBXResourcesBuildPhase;
			buildActionMask = 2147483647;
			files = (
			);
			runOnlyForDeploymentPostprocessing = 0;
		};
/* End PBXResourcesBuildPhase section */

/* Begin PBXSourcesBuildPhase section */
		2C5E7D5E1A67055F0009AB29 /* Sources */ = {
			isa = PBXSourcesBuildPhase;
			buildActionMask = 2147483647;
			files = (
				2C5E7D6E1A67055F0009AB29 /* ViewController.m in Sources */,
				2C5E7D8D1A6705890009AB29 /* MFIHeadspaceBlobView.m in Sources */,
				2C5E7D6B1A67055F0009AB29 /* AppDelegate.m in Sources */,
				2C5E7D681A67055F0009AB29 /* main.m in Sources */,
			);
			runOnlyForDeploymentPostprocessing = 0;
		};
		2C5E7D771A67055F0009AB29 /* Sources */ = {
			isa = PBXSourcesBuildPhase;
			buildActionMask = 2147483647;
			files = (
				2C5E7D821A67055F0009AB29 /* HeadspaceDotTests.m in Sources */,
			);
			runOnlyForDeploymentPostprocessing = 0;
		};
/* End PBXSourcesBuildPhase section */

/* Begin PBXTargetDependency section */
		2C5E7D7D1A67055F0009AB29 /* PBXTargetDependency */ = {
			isa = PBXTargetDependency;
			target = 2C5E7D611A67055F0009AB29 /* HeadspaceDot */;
			targetProxy = 2C5E7D7C1A67055F0009AB29 /* PBXContainerItemProxy */;
		};
/* End PBXTargetDependency section */

/* Begin PBXVariantGroup section */
		2C5E7D6F1A67055F0009AB29 /* Main.storyboard */ = {
			isa = PBXVariantGroup;
			children = (
				2C5E7D701A67055F0009AB29 /* Base */,
			);
			name = Main.storyboard;
			sourceTree = "<group>";
		};
		2C5E7D741A67055F0009AB29 /* LaunchScreen.xib */ = {
			isa = PBXVariantGroup;
			children = (
				2C5E7D751A67055F0009AB29 /* Base */,
			);
			name = LaunchScreen.xib;
			sourceTree = "<group>";
		};
/* End PBXVariantGroup section */

/* Begin XCBuildConfiguration section */
		2C5E7D831A67055F0009AB29 /* Debug */ = {
			isa = XCBuildConfiguration;
			buildSettings = {
				ALWAYS_SEARCH_USER_PATHS = NO;
				CLANG_CXX_LANGUAGE_STANDARD = "gnu++0x";
				CLANG_CXX_LIBRARY = "libc++";
				CLANG_ENABLE_MODULES = YES;
				CLANG_ENABLE_OBJC_ARC = YES;
				CLANG_WARN_BOOL_CONVERSION = YES;
				CLANG_WARN_CONSTANT_CONVERSION = YES;
				CLANG_WARN_DIRECT_OBJC_ISA_USAGE = YES_ERROR;
				CLANG_WARN_EMPTY_BODY = YES;
				CLANG_WARN_ENUM_CONVERSION = YES;
				CLANG_WARN_INT_CONVERSION = YES;
				CLANG_WARN_OBJC_ROOT_CLASS = YES_ERROR;
				CLANG_WARN_UNREACHABLE_CODE = YES;
				CLANG_WARN__DUPLICATE_METHOD_MATCH = YES;
				"CODE_SIGN_IDENTITY[sdk=iphoneos*]" = "iPhone Developer";
				COPY_PHASE_STRIP = NO;
				ENABLE_STRICT_OBJC_MSGSEND = YES;
				GCC_C_LANGUAGE_STANDARD = gnu99;
				GCC_DYNAMIC_NO_PIC = NO;
				GCC_OPTIMIZATION_LEVEL = 0;
				GCC_PREPROCESSOR_DEFINITIONS = (
					"DEBUG=1",
					"$(inherited)",
				);
				GCC_SYMBOLS_PRIVATE_EXTERN = NO;
				GCC_WARN_64_TO_32_BIT_CONVERSION = YES;
				GCC_WARN_ABOUT_RETURN_TYPE = YES_ERROR;
				GCC_WARN_UNDECLARED_SELECTOR = YES;
				GCC_WARN_UNINITIALIZED_AUTOS = YES_AGGRESSIVE;
				GCC_WARN_UNUSED_FUNCTION = YES;
				GCC_WARN_UNUSED_VARIABLE = YES;
				IPHONEOS_DEPLOYMENT_TARGET = 8.1;
				MTL_ENABLE_DEBUG_INFO = YES;
				ONLY_ACTIVE_ARCH = YES;
				SDKROOT = iphoneos;
			};
			name = Debug;
		};
		2C5E7D841A67055F0009AB29 /* Release */ = {
			isa = XCBuildConfiguration;
			buildSettings = {
				ALWAYS_SEARCH_USER_PATHS = NO;
				CLANG_CXX_LANGUAGE_STANDARD = "gnu++0x";
				CLANG_CXX_LIBRARY = "libc++";
				CLANG_ENABLE_MODULES = YES;
				CLANG_ENABLE_OBJC_ARC = YES;
				CLANG_WARN_BOOL_CONVERSION = YES;
				CLANG_WARN_CONSTANT_CONVERSION = YES;
				CLANG_WARN_DIRECT_OBJC_ISA_USAGE = YES_ERROR;
				CLANG_WARN_EMPTY_BODY = YES;
				CLANG_WARN_ENUM_CONVERSION = YES;
				CLANG_WARN_INT_CONVERSION = YES;
				CLANG_WARN_OBJC_ROOT_CLASS = YES_ERROR;
				CLANG_WARN_UNREACHABLE_CODE = YES;
				CLANG_WARN__DUPLICATE_METHOD_MATCH = YES;
				"CODE_SIGN_IDENTITY[sdk=iphoneos*]" = "iPhone Developer";
				COPY_PHASE_STRIP = YES;
				ENABLE_NS_ASSERTIONS = NO;
				ENABLE_STRICT_OBJC_MSGSEND = YES;
				GCC_C_LANGUAGE_STANDARD = gnu99;
				GCC_WARN_64_TO_32_BIT_CONVERSION = YES;
				GCC_WARN_ABOUT_RETURN_TYPE = YES_ERROR;
				GCC_WARN_UNDECLARED_SELECTOR = YES;
				GCC_WARN_UNINITIALIZED_AUTOS = YES_AGGRESSIVE;
				GCC_WARN_UNUSED_FUNCTION = YES;
				GCC_WARN_UNUSED_VARIABLE = YES;
				IPHONEOS_DEPLOYMENT_TARGET = 8.1;
				MTL_ENABLE_DEBUG_INFO = NO;
				SDKROOT = iphoneos;
				VALIDATE_PRODUCT = YES;
			};
			name = Release;
		};
		2C5E7D861A67055F0009AB29 /* Debug */ = {
			isa = XCBuildConfiguration;
			buildSettings = {
				ASSETCATALOG_COMPILER_APPICON_NAME = AppIcon;
				INFOPLIST_FILE = HeadspaceDot/Info.plist;
				LD_RUNPATH_SEARCH_PATHS = "$(inherited) @executable_path/Frameworks";
				PRODUCT_NAME = "$(TARGET_NAME)";
			};
			name = Debug;
		};
		2C5E7D871A67055F0009AB29 /* Release */ = {
			isa = XCBuildConfiguration;
			buildSettings = {
				ASSETCATALOG_COMPILER_APPICON_NAME = AppIcon;
				INFOPLIST_FILE = HeadspaceDot/Info.plist;
				LD_RUNPATH_SEARCH_PATHS = "$(inherited) @executable_path/Frameworks";
				PRODUCT_NAME = "$(TARGET_NAME)";
			};
			name = Release;
		};
		2C5E7D891A67055F0009AB29 /* Debug */ = {
			isa = XCBuildConfiguration;
			buildSettings = {
				BUNDLE_LOADER = "$(TEST_HOST)";
				FRAMEWORK_SEARCH_PATHS = (
					"$(SDKROOT)/Developer/Library/Frameworks",
					"$(inherited)",
				);
				GCC_PREPROCESSOR_DEFINITIONS = (
					"DEBUG=1",
					"$(inherited)",
				);
				INFOPLIST_FILE = HeadspaceDotTests/Info.plist;
				LD_RUNPATH_SEARCH_PATHS = "$(inherited) @executable_path/Frameworks @loader_path/Frameworks";
				PRODUCT_NAME = "$(TARGET_NAME)";
				TEST_HOST = "$(BUILT_PRODUCTS_DIR)/HeadspaceDot.app/HeadspaceDot";
			};
			name = Debug;
		};
		2C5E7D8A1A67055F0009AB29 /* Release */ = {
			isa = XCBuildConfiguration;
			buildSettings = {
				BUNDLE_LOADER = "$(TEST_HOST)";
				FRAMEWORK_SEARCH_PATHS = (
					"$(SDKROOT)/Developer/Library/Frameworks",
					"$(inherited)",
				);
				INFOPLIST_FILE = HeadspaceDotTests/Info.plist;
				LD_RUNPATH_SEARCH_PATHS = "$(inherited) @executable_path/Frameworks @loader_path/Frameworks";
				PRODUCT_NAME = "$(TARGET_NAME)";
				TEST_HOST = "$(BUILT_PRODUCTS_DIR)/HeadspaceDot.app/HeadspaceDot";
			};
			name = Release;
		};
/* End XCBuildConfiguration section */

/* Begin XCConfigurationList section */
		2C5E7D5D1A67055F0009AB29 /* Build configuration list for PBXProject "HeadspaceDot" */ = {
			isa = XCConfigurationList;
			buildConfigurations = (
				2C5E7D831A67055F0009AB29 /* Debug */,
				2C5E7D841A67055F0009AB29 /* Release */,
			);
			defaultConfigurationIsVisible = 0;
			defaultConfigurationName = Release;
		};
		2C5E7D851A67055F0009AB29 /* Build configuration list for PBXNativeTarget "HeadspaceDot" */ = {
			isa = XCConfigurationList;
			buildConfigurations = (
				2C5E7D861A67055F0009AB29 /* Debug */,
				2C5E7D871A67055F0009AB29 /* Release */,
			);
			defaultConfigurationIsVisible = 0;
		};
		2C5E7D881A67055F0009AB29 /* Build configuration list for PBXNativeTarget "HeadspaceDotTests" */ = {
			isa = XCConfigurationList;
			buildConfigurations = (
				2C5E7D891A67055F0009AB29 /* Debug */,
				2C5E7D8A1A67055F0009AB29 /* Release */,
			);
			defaultConfigurationIsVisible = 0;
		};
/* End XCConfigurationList section */
	};
	rootObject = 2C5E7D5A1A67055F0009AB29 /* Project object */;
}
